
Microsoft Visual Studio Solution File, Format Version 12.00
# Visual Studio 15
VisualStudioVersion = 15.0.28010.2036
MinimumVisualStudioVersion = 10.0.40219.1
Project("{FAE04EC0-301F-11D3-BF4B-00C04F79EFBC}") = "LecturesAppXaxarim.Android", "LecturesAppXaxarim\LecturesAppXaxarim.Android\LecturesAppXaxarim.Android.csproj", "{8D7A20F7-4D56-4597-A987-9513DD951A72}"
EndProject
Project("{FAE04EC0-301F-11D3-BF4B-00C04F79EFBC}") = "LecturesAppXaxarim", "LecturesAppXaxarim\LecturesAppXaxarim\LecturesAppXaxarim.csproj", "{F137DC37-70B4-40BB-8E64-1649D4B173C0}"
EndProject
Global
	GlobalSection(SolutionConfigurationPlatforms) = preSolution
		Debug|Any CPU = Debug|Any CPU
		Release|Any CPU = Release|Any CPU
	EndGlobalSection
	GlobalSection(ProjectConfigurationPlatforms) = postSolution
		{8D7A20F7-4D56-4597-A987-9513DD951A72}.Debug|Any CPU.ActiveCfg = Debug|Any CPU
		{8D7A20F7-4D56-4597-A987-9513DD951A72}.Debug|Any CPU.Build.0 = Debug|Any CPU
		{8D7A20F7-4D56-4597-A987-9513DD951A72}.Debug|Any CPU.Deploy.0 = Debug|Any CPU
		{8D7A20F7-4D56-4597-A987-9513DD951A72}.Release|Any CPU.ActiveCfg = Release|Any CPU
		{8D7A20F7-4D56-4597-A987-9513DD951A72}.Release|Any CPU.Build.0 = Release|Any CPU
		{8D7A20F7-4D56-4597-A987-9513DD951A72}.Release|Any CPU.Deploy.0 = Release|Any CPU
		{F137DC37-70B4-40BB-8E64-1649D4B173C0}.Debug|Any CPU.ActiveCfg = Debug|Any CPU
		{F137DC37-70B4-40BB-8E64-1649D4B173C0}.Debug|Any CPU.Build.0 = Debug|Any CPU
		{F137DC37-70B4-40BB-8E64-1649D4B173C0}.Debug|Any CPU.Deploy.0 = Debug|Any CPU
		{F137DC37-70B4-40BB-8E64-1649D4B173C0}.Release|Any CPU.ActiveCfg = Release|Any CPU
		{F137DC37-70B4-40BB-8E64-1649D4B173C0}.Release|Any CPU.Build.0 = Release|Any CPU
		{F137DC37-70B4-40BB-8E64-1649D4B173C0}.Release|Any CPU.Deploy.0 = Release|Any CPU
	EndGlobalSection
	GlobalSection(SolutionProperties) = preSolution
		HideSolutionNode = FALSE
	EndGlobalSection
	GlobalSection(ExtensibilityGlobals) = postSolution
		SolutionGuid = {B7368B14-FF64-4D7E-8D1D-A2357425730B}
	EndGlobalSection
EndGlobal
